
Microsoft Visual Studio Solution File, Format Version 12.00
Project("{FAE04EC0-301F-11D3-BF4B-00C04F79EFBC}") = "LeapYearChecker", "LeapYearChecker\LeapYearChecker.csproj", "{40A3AE19-BFE0-4A5C-9E32-78073568C9EA}"
EndProject
Global
	GlobalSection(SolutionConfigurationPlatforms) = preSolution
		Debug|Any CPU = Debug|Any CPU
		Release|Any CPU = Release|Any CPU
	EndGlobalSection
	GlobalSection(ProjectConfigurationPlatforms) = postSolution
		{40A3AE19-BFE0-4A5C-9E32-78073568C9EA}.Debug|Any CPU.ActiveCfg = Debug|Any CPU
		{40A3AE19-BFE0-4A5C-9E32-78073568C9EA}.Debug|Any CPU.Build.0 = Debug|Any CPU
		{40A3AE19-BFE0-4A5C-9E32-78073568C9EA}.Release|Any CPU.ActiveCfg = Release|Any CPU
		{40A3AE19-BFE0-4A5C-9E32-78073568C9EA}.Release|Any CPU.Build.0 = Release|Any CPU
	EndGlobalSection
EndGlobal
