
Microsoft Visual Studio Solution File, Format Version 12.00
Project("{FAE04EC0-301F-11D3-BF4B-00C04F79EFBC}") = "Echo", "Echo\Echo.csproj", "{E7DBCEB3-A39B-4F3C-947E-1D9EDF9CA287}"
EndProject
Global
	GlobalSection(SolutionConfigurationPlatforms) = preSolution
		Debug|Any CPU = Debug|Any CPU
		Release|Any CPU = Release|Any CPU
	EndGlobalSection
	GlobalSection(ProjectConfigurationPlatforms) = postSolution
		{E7DBCEB3-A39B-4F3C-947E-1D9EDF9CA287}.Debug|Any CPU.ActiveCfg = Debug|Any CPU
		{E7DBCEB3-A39B-4F3C-947E-1D9EDF9CA287}.Debug|Any CPU.Build.0 = Debug|Any CPU
		{E7DBCEB3-A39B-4F3C-947E-1D9EDF9CA287}.Release|Any CPU.ActiveCfg = Release|Any CPU
		{E7DBCEB3-A39B-4F3C-947E-1D9EDF9CA287}.Release|Any CPU.Build.0 = Release|Any CPU
	EndGlobalSection
EndGlobal
